// !$*UTF8*$!
{
	archiveVersion = 1;
	classes = {
	};
	objectVersion = 50;
	objects = {

/* Begin PBXBuildFile section */
		3121A956D494A04597B5133E /* Pods_CJMoya.framework in Frameworks */ = {isa = PBXBuildFile; fileRef = 25F6153D11F42FC7C43EA56E /* Pods_CJMoya.framework */; };
		F407CD98216E108D0075B7C3 /* CleanJSON.swift in Sources */ = {isa = PBXBuildFile; fileRef = F407CD97216E108D0075B7C3 /* CleanJSON.swift */; };
		F407CD9A216E13F60075B7C3 /* PlaylistModel.swift in Sources */ = {isa = PBXBuildFile; fileRef = F407CD99216E13F60075B7C3 /* PlaylistModel.swift */; };
		F49D5EEA216DE68200012B20 /* AppDelegate.swift in Sources */ = {isa = PBXBuildFile; fileRef = F49D5EE9216DE68200012B20 /* AppDelegate.swift */; };
		F49D5EEC216DE68200012B20 /* ViewController.swift in Sources */ = {isa = PBXBuildFile; fileRef = F49D5EEB216DE68200012B20 /* ViewController.swift */; };
		F49D5EEF216DE68200012B20 /* Main.storyboard in Resources */ = {isa = PBXBuildFile; fileRef = F49D5EED216DE68200012B20 /* Main.storyboard */; };
		F49D5EF1216DE68300012B20 /* Assets.xcassets in Resources */ = {isa = PBXBuildFile; fileRef = F49D5EF0216DE68300012B20 /* Assets.xcassets */; };
		F49D5EF4216DE68300012B20 /* LaunchScreen.storyboard in Resources */ = {isa = PBXBuildFile; fileRef = F49D5EF2216DE68300012B20 /* LaunchScreen.storyboard */; };
		F49D5EFC216DEB0C00012B20 /* DoubanAPI.swift in Sources */ = {isa = PBXBuildFile; fileRef = F49D5EFB216DEB0C00012B20 /* DoubanAPI.swift */; };
		F49D5EFE216DF21700012B20 /* JSONKit.swift in Sources */ = {isa = PBXBuildFile; fileRef = F49D5EFD216DF21700012B20 /* JSONKit.swift */; };
		F49D5F00216DF2A600012B20 /* ChannelModel.swift in Sources */ = {isa = PBXBuildFile; fileRef = F49D5EFF216DF2A600012B20 /* ChannelModel.swift */; };
/* End PBXBuildFile section */

/* Begin PBXFileReference section */
		25F6153D11F42FC7C43EA56E /* Pods_CJMoya.framework */ = {isa = PBXFileReference; explicitFileType = wrapper.framework; includeInIndex = 0; path = Pods_CJMoya.framework; sourceTree = BUILT_PRODUCTS_DIR; };
		45AF7C4D95FF7085032164AF /* Pods-CJMoya.release.xcconfig */ = {isa = PBXFileReference; includeInIndex = 1; lastKnownFileType = text.xcconfig; name = "Pods-CJMoya.release.xcconfig"; path = "Pods/Target Support Files/Pods-CJMoya/Pods-CJMoya.release.xcconfig"; sourceTree = "<group>"; };
		4BE193D2E3676C4A7C236BE3 /* Pods-CJMoya.debug.xcconfig */ = {isa = PBXFileReference; includeInIndex = 1; lastKnownFileType = text.xcconfig; name = "Pods-CJMoya.debug.xcconfig"; path = "Pods/Target Support Files/Pods-CJMoya/Pods-CJMoya.debug.xcconfig"; sourceTree = "<group>"; };
		F407CD97216E108D0075B7C3 /* CleanJSON.swift */ = {isa = PBXFileReference; fileEncoding = 4; lastKnownFileType = sourcecode.swift; path = CleanJSON.swift; sourceTree = "<group>"; };
		F407CD99216E13F60075B7C3 /* PlaylistModel.swift */ = {isa = PBXFileReference; lastKnownFileType = sourcecode.swift; path = PlaylistModel.swift; sourceTree = "<group>"; };
		F49D5EE6216DE68200012B20 /* CJMoya.app */ = {isa = PBXFileReference; explicitFileType = wrapper.application; includeInIndex = 0; path = CJMoya.app; sourceTree = BUILT_PRODUCTS_DIR; };
		F49D5EE9216DE68200012B20 /* AppDelegate.swift */ = {isa = PBXFileReference; lastKnownFileType = sourcecode.swift; path = AppDelegate.swift; sourceTree = "<group>"; };
		F49D5EEB216DE68200012B20 /* ViewController.swift */ = {isa = PBXFileReference; lastKnownFileType = sourcecode.swift; path = ViewController.swift; sourceTree = "<group>"; };
		F49D5EEE216DE68200012B20 /* Base */ = {isa = PBXFileReference; lastKnownFileType = file.storyboard; name = Base; path = Base.lproj/Main.storyboard; sourceTree = "<group>"; };
		F49D5EF0216DE68300012B20 /* Assets.xcassets */ = {isa = PBXFileReference; lastKnownFileType = folder.assetcatalog; path = Assets.xcassets; sourceTree = "<group>"; };
		F49D5EF3216DE68300012B20 /* Base */ = {isa = PBXFileReference; lastKnownFileType = file.storyboard; name = Base; path = Base.lproj/LaunchScreen.storyboard; sourceTree = "<group>"; };
		F49D5EF5216DE68300012B20 /* Info.plist */ = {isa = PBXFileReference; lastKnownFileType = text.plist.xml; path = Info.plist; sourceTree = "<group>"; };
		F49D5EFB216DEB0C00012B20 /* DoubanAPI.swift */ = {isa = PBXFileReference; lastKnownFileType = sourcecode.swift; path = DoubanAPI.swift; sourceTree = "<group>"; };
		F49D5EFD216DF21700012B20 /* JSONKit.swift */ = {isa = PBXFileReference; lastKnownFileType = sourcecode.swift; path = JSONKit.swift; sourceTree = "<group>"; };
		F49D5EFF216DF2A600012B20 /* ChannelModel.swift */ = {isa = PBXFileReference; lastKnownFileType = sourcecode.swift; path = ChannelModel.swift; sourceTree = "<group>"; };
/* End PBXFileReference section */

/* Begin PBXFrameworksBuildPhase section */
		F49D5EE3216DE68200012B20 /* Frameworks */ = {
			isa = PBXFrameworksBuildPhase;
			buildActionMask = 2147483647;
			files = (
				3121A956D494A04597B5133E /* Pods_CJMoya.framework in Frameworks */,
			);
			runOnlyForDeploymentPostprocessing = 0;
		};
/* End PBXFrameworksBuildPhase section */

/* Begin PBXGroup section */
		1DF145E585A4AF55DF64088A /* Frameworks */ = {
			isa = PBXGroup;
			children = (
				25F6153D11F42FC7C43EA56E /* Pods_CJMoya.framework */,
			);
			name = Frameworks;
			sourceTree = "<group>";
		};
		632FE105B6D96E4F5CCC8A67 /* Pods */ = {
			isa = PBXGroup;
			children = (
				4BE193D2E3676C4A7C236BE3 /* Pods-CJMoya.debug.xcconfig */,
				45AF7C4D95FF7085032164AF /* Pods-CJMoya.release.xcconfig */,
			);
			name = Pods;
			sourceTree = "<group>";
		};
		F49D5EDD216DE68200012B20 = {
			isa = PBXGroup;
			children = (
				F49D5EE8216DE68200012B20 /* CJMoya */,
				F49D5EE7216DE68200012B20 /* Products */,
				632FE105B6D96E4F5CCC8A67 /* Pods */,
				1DF145E585A4AF55DF64088A /* Frameworks */,
			);
			sourceTree = "<group>";
		};
		F49D5EE7216DE68200012B20 /* Products */ = {
			isa = PBXGroup;
			children = (
				F49D5EE6216DE68200012B20 /* CJMoya.app */,
			);
			name = Products;
			sourceTree = "<group>";
		};
		F49D5EE8216DE68200012B20 /* CJMoya */ = {
			isa = PBXGroup;
			children = (
				F49D5EE9216DE68200012B20 /* AppDelegate.swift */,
				F49D5EEB216DE68200012B20 /* ViewController.swift */,
				F49D5EED216DE68200012B20 /* Main.storyboard */,
				F49D5EF0216DE68300012B20 /* Assets.xcassets */,
				F49D5EF2216DE68300012B20 /* LaunchScreen.storyboard */,
				F49D5EF5216DE68300012B20 /* Info.plist */,
				F49D5EFB216DEB0C00012B20 /* DoubanAPI.swift */,
				F49D5EFD216DF21700012B20 /* JSONKit.swift */,
				F49D5EFF216DF2A600012B20 /* ChannelModel.swift */,
				F407CD97216E108D0075B7C3 /* CleanJSON.swift */,
				F407CD99216E13F60075B7C3 /* PlaylistModel.swift */,
			);
			path = CJMoya;
			sourceTree = "<group>";
		};
/* End PBXGroup section */

/* Begin PBXNativeTarget section */
		F49D5EE5216DE68200012B20 /* CJMoya */ = {
			isa = PBXNativeTarget;
			buildConfigurationList = F49D5EF8216DE68300012B20 /* Build configuration list for PBXNativeTarget "CJMoya" */;
			buildPhases = (
				D55E998762134C42ED819A05 /* [CP] Check Pods Manifest.lock */,
				F49D5EE2216DE68200012B20 /* Sources */,
				F49D5EE3216DE68200012B20 /* Frameworks */,
				F49D5EE4216DE68200012B20 /* Resources */,
				AF79E16A2FE0AA62C7357E45 /* [CP] Embed Pods Frameworks */,
			);
			buildRules = (
			);
			dependencies = (
			);
			name = CJMoya;
			productName = CJMoya;
			productReference = F49D5EE6216DE68200012B20 /* CJMoya.app */;
			productType = "com.apple.product-type.application";
		};
/* End PBXNativeTarget section */

/* Begin PBXProject section */
		F49D5EDE216DE68200012B20 /* Project object */ = {
			isa = PBXProject;
			attributes = {
				LastSwiftUpdateCheck = 1000;
				LastUpgradeCheck = 1000;
				ORGANIZATIONNAME = "陈吉";
				TargetAttributes = {
					F49D5EE5216DE68200012B20 = {
						CreatedOnToolsVersion = 10.0;
					};
				};
			};
			buildConfigurationList = F49D5EE1216DE68200012B20 /* Build configuration list for PBXProject "CJMoya" */;
			compatibilityVersion = "Xcode 9.3";
			developmentRegion = en;
			hasScannedForEncodings = 0;
			knownRegions = (
				en,
				Base,
			);
			mainGroup = F49D5EDD216DE68200012B20;
			productRefGroup = F49D5EE7216DE68200012B20 /* Products */;
			projectDirPath = "";
			projectRoot = "";
			targets = (
				F49D5EE5216DE68200012B20 /* CJMoya */,
			);
		};
/* End PBXProject section */

/* Begin PBXResourcesBuildPhase section */
		F49D5EE4216DE68200012B20 /* Resources */ = {
			isa = PBXResourcesBuildPhase;
			buildActionMask = 2147483647;
			files = (
				F49D5EF4216DE68300012B20 /* LaunchScreen.storyboard in Resources */,
				F49D5EF1216DE68300012B20 /* Assets.xcassets in Resources */,
				F49D5EEF216DE68200012B20 /* Main.storyboard in Resources */,
			);
			runOnlyForDeploymentPostprocessing = 0;
		};
/* End PBXResourcesBuildPhase section */

/* Begin PBXShellScriptBuildPhase section */
		AF79E16A2FE0AA62C7357E45 /* [CP] Embed Pods Frameworks */ = {
			isa = PBXShellScriptBuildPhase;
			buildActionMask = 2147483647;
			files = (
			);
			inputPaths = (
				"${SRCROOT}/Pods/Target Support Files/Pods-CJMoya/Pods-CJMoya-frameworks.sh",
				"${BUILT_PRODUCTS_DIR}/Alamofire/Alamofire.framework",
				"${BUILT_PRODUCTS_DIR}/Moya/Moya.framework",
				"${BUILT_PRODUCTS_DIR}/Result/Result.framework",
			);
			name = "[CP] Embed Pods Frameworks";
			outputPaths = (
				"${TARGET_BUILD_DIR}/${FRAMEWORKS_FOLDER_PATH}/Alamofire.framework",
				"${TARGET_BUILD_DIR}/${FRAMEWORKS_FOLDER_PATH}/Moya.framework",
				"${TARGET_BUILD_DIR}/${FRAMEWORKS_FOLDER_PATH}/Result.framework",
			);
			runOnlyForDeploymentPostprocessing = 0;
			shellPath = /bin/sh;
			shellScript = "\"${SRCROOT}/Pods/Target Support Files/Pods-CJMoya/Pods-CJMoya-frameworks.sh\"\n";
			showEnvVarsInLog = 0;
		};
		D55E998762134C42ED819A05 /* [CP] Check Pods Manifest.lock */ = {
			isa = PBXShellScriptBuildPhase;
			buildActionMask = 2147483647;
			files = (
			);
			inputPaths = (
				"${PODS_PODFILE_DIR_PATH}/Podfile.lock",
				"${PODS_ROOT}/Manifest.lock",
			);
			name = "[CP] Check Pods Manifest.lock";
			outputPaths = (
				"$(DERIVED_FILE_DIR)/Pods-CJMoya-checkManifestLockResult.txt",
			);
			runOnlyForDeploymentPostprocessing = 0;
			shellPath = /bin/sh;
			shellScript = "diff \"${PODS_PODFILE_DIR_PATH}/Podfile.lock\" \"${PODS_ROOT}/Manifest.lock\" > /dev/null\nif [ $? != 0 ] ; then\n    # print error to STDERR\n    echo \"error: The sandbox is not in sync with the Podfile.lock. Run 'pod install' or update your CocoaPods installation.\" >&2\n    exit 1\nfi\n# This output is used by Xcode 'outputs' to avoid re-running this script phase.\necho \"SUCCESS\" > \"${SCRIPT_OUTPUT_FILE_0}\"\n";
			showEnvVarsInLog = 0;
		};
/* End PBXShellScriptBuildPhase section */

/* Begin PBXSourcesBuildPhase section */
		F49D5EE2216DE68200012B20 /* Sources */ = {
			isa = PBXSourcesBuildPhase;
			buildActionMask = 2147483647;
			files = (
				F49D5EEC216DE68200012B20 /* ViewController.swift in Sources */,
				F407CD98216E108D0075B7C3 /* CleanJSON.swift in Sources */,
				F407CD9A216E13F60075B7C3 /* PlaylistModel.swift in Sources */,
				F49D5EFC216DEB0C00012B20 /* DoubanAPI.swift in Sources */,
				F49D5F00216DF2A600012B20 /* ChannelModel.swift in Sources */,
				F49D5EFE216DF21700012B20 /* JSONKit.swift in Sources */,
				F49D5EEA216DE68200012B20 /* AppDelegate.swift in Sources */,
			);
			runOnlyForDeploymentPostprocessing = 0;
		};
/* End PBXSourcesBuildPhase section */

/* Begin PBXVariantGroup section */
		F49D5EED216DE68200012B20 /* Main.storyboard */ = {
			isa = PBXVariantGroup;
			children = (
				F49D5EEE216DE68200012B20 /* Base */,
			);
			name = Main.storyboard;
			sourceTree = "<group>";
		};
		F49D5EF2216DE68300012B20 /* LaunchScreen.storyboard */ = {
			isa = PBXVariantGroup;
			children = (
				F49D5EF3216DE68300012B20 /* Base */,
			);
			name = LaunchScreen.storyboard;
			sourceTree = "<group>";
		};
/* End PBXVariantGroup section */

/* Begin XCBuildConfiguration section */
		F49D5EF6216DE68300012B20 /* Debug */ = {
			isa = XCBuildConfiguration;
			buildSettings = {
				ALWAYS_SEARCH_USER_PATHS = NO;
				CLANG_ANALYZER_NONNULL = YES;
				CLANG_ANALYZER_NUMBER_OBJECT_CONVERSION = YES_AGGRESSIVE;
				CLANG_CXX_LANGUAGE_STANDARD = "gnu++14";
				CLANG_CXX_LIBRARY = "libc++";
				CLANG_ENABLE_MODULES = YES;
				CLANG_ENABLE_OBJC_ARC = YES;
				CLANG_ENABLE_OBJC_WEAK = YES;
				CLANG_WARN_BLOCK_CAPTURE_AUTORELEASING = YES;
				CLANG_WARN_BOOL_CONVERSION = YES;
				CLANG_WARN_COMMA = YES;
				CLANG_WARN_CONSTANT_CONVERSION = YES;
				CLANG_WARN_DEPRECATED_OBJC_IMPLEMENTATIONS = YES;
				CLANG_WARN_DIRECT_OBJC_ISA_USAGE = YES_ERROR;
				CLANG_WARN_DOCUMENTATION_COMMENTS = YES;
				CLANG_WARN_EMPTY_BODY = YES;
				CLANG_WARN_ENUM_CONVERSION = YES;
				CLANG_WARN_INFINITE_RECURSION = YES;
				CLANG_WARN_INT_CONVERSION = YES;
				CLANG_WARN_NON_LITERAL_NULL_CONVERSION = YES;
				CLANG_WARN_OBJC_IMPLICIT_RETAIN_SELF = YES;
				CLANG_WARN_OBJC_LITERAL_CONVERSION = YES;
				CLANG_WARN_OBJC_ROOT_CLASS = YES_ERROR;
				CLANG_WARN_RANGE_LOOP_ANALYSIS = YES;
				CLANG_WARN_STRICT_PROTOTYPES = YES;
				CLANG_WARN_SUSPICIOUS_MOVE = YES;
				CLANG_WARN_UNGUARDED_AVAILABILITY = YES_AGGRESSIVE;
				CLANG_WARN_UNREACHABLE_CODE = YES;
				CLANG_WARN__DUPLICATE_METHOD_MATCH = YES;
				CODE_SIGN_IDENTITY = "iPhone Developer";
				COPY_PHASE_STRIP = NO;
				DEBUG_INFORMATION_FORMAT = dwarf;
				ENABLE_STRICT_OBJC_MSGSEND = YES;
				ENABLE_TESTABILITY = YES;
				GCC_C_LANGUAGE_STANDARD = gnu11;
				GCC_DYNAMIC_NO_PIC = NO;
				GCC_NO_COMMON_BLOCKS = YES;
				GCC_OPTIMIZATION_LEVEL = 0;
				GCC_PREPROCESSOR_DEFINITIONS = (
					"DEBUG=1",
					"$(inherited)",
				);
				GCC_WARN_64_TO_32_BIT_CONVERSION = YES;
				GCC_WARN_ABOUT_RETURN_TYPE = YES_ERROR;
				GCC_WARN_UNDECLARED_SELECTOR = YES;
				GCC_WARN_UNINITIALIZED_AUTOS = YES_AGGRESSIVE;
				GCC_WARN_UNUSED_FUNCTION = YES;
				GCC_WARN_UNUSED_VARIABLE = YES;
				IPHONEOS_DEPLOYMENT_TARGET = 12.0;
				MTL_ENABLE_DEBUG_INFO = INCLUDE_SOURCE;
				MTL_FAST_MATH = YES;
				ONLY_ACTIVE_ARCH = YES;
				SDKROOT = iphoneos;
				SWIFT_ACTIVE_COMPILATION_CONDITIONS = DEBUG;
				SWIFT_OPTIMIZATION_LEVEL = "-Onone";
			};
			name = Debug;
		};
		F49D5EF7216DE68300012B20 /* Release */ = {
			isa = XCBuildConfiguration;
			buildSettings = {
				ALWAYS_SEARCH_USER_PATHS = NO;
				CLANG_ANALYZER_NONNULL = YES;
				CLANG_ANALYZER_NUMBER_OBJECT_CONVERSION = YES_AGGRESSIVE;
				CLANG_CXX_LANGUAGE_STANDARD = "gnu++14";
				CLANG_CXX_LIBRARY = "libc++";
				CLANG_ENABLE_MODULES = YES;
				CLANG_ENABLE_OBJC_ARC = YES;
				CLANG_ENABLE_OBJC_WEAK = YES;
				CLANG_WARN_BLOCK_CAPTURE_AUTORELEASING = YES;
				CLANG_WARN_BOOL_CONVERSION = YES;
				CLANG_WARN_COMMA = YES;
				CLANG_WARN_CONSTANT_CONVERSION = YES;
				CLANG_WARN_DEPRECATED_OBJC_IMPLEMENTATIONS = YES;
				CLANG_WARN_DIRECT_OBJC_ISA_USAGE = YES_ERROR;
				CLANG_WARN_DOCUMENTATION_COMMENTS = YES;
				CLANG_WARN_EMPTY_BODY = YES;
				CLANG_WARN_ENUM_CONVERSION = YES;
				CLANG_WARN_INFINITE_RECURSION = YES;
				CLANG_WARN_INT_CONVERSION = YES;
				CLANG_WARN_NON_LITERAL_NULL_CONVERSION = YES;
				CLANG_WARN_OBJC_IMPLICIT_RETAIN_SELF = YES;
				CLANG_WARN_OBJC_LITERAL_CONVERSION = YES;
				CLANG_WARN_OBJC_ROOT_CLASS = YES_ERROR;
				CLANG_WARN_RANGE_LOOP_ANALYSIS = YES;
				CLANG_WARN_STRICT_PROTOTYPES = YES;
				CLANG_WARN_SUSPICIOUS_MOVE = YES;
				CLANG_WARN_UNGUARDED_AVAILABILITY = YES_AGGRESSIVE;
				CLANG_WARN_UNREACHABLE_CODE = YES;
				CLANG_WARN__DUPLICATE_METHOD_MATCH = YES;
				CODE_SIGN_IDENTITY = "iPhone Developer";
				COPY_PHASE_STRIP = NO;
				DEBUG_INFORMATION_FORMAT = "dwarf-with-dsym";
				ENABLE_NS_ASSERTIONS = NO;
				ENABLE_STRICT_OBJC_MSGSEND = YES;
				GCC_C_LANGUAGE_STANDARD = gnu11;
				GCC_NO_COMMON_BLOCKS = YES;
				GCC_WARN_64_TO_32_BIT_CONVERSION = YES;
				GCC_WARN_ABOUT_RETURN_TYPE = YES_ERROR;
				GCC_WARN_UNDECLARED_SELECTOR = YES;
				GCC_WARN_UNINITIALIZED_AUTOS = YES_AGGRESSIVE;
				GCC_WARN_UNUSED_FUNCTION = YES;
				GCC_WARN_UNUSED_VARIABLE = YES;
				IPHONEOS_DEPLOYMENT_TARGET = 12.0;
				MTL_ENABLE_DEBUG_INFO = NO;
				MTL_FAST_MATH = YES;
				SDKROOT = iphoneos;
				SWIFT_COMPILATION_MODE = wholemodule;
				SWIFT_OPTIMIZATION_LEVEL = "-O";
				VALIDATE_PRODUCT = YES;
			};
			name = Release;
		};
		F49D5EF9216DE68300012B20 /* Debug */ = {
			isa = XCBuildConfiguration;
			baseConfigurationReference = 4BE193D2E3676C4A7C236BE3 /* Pods-CJMoya.debug.xcconfig */;
			buildSettings = {
				ASSETCATALOG_COMPILER_APPICON_NAME = AppIcon;
				CODE_SIGN_STYLE = Automatic;
				INFOPLIST_FILE = CJMoya/Info.plist;
				LD_RUNPATH_SEARCH_PATHS = (
					"$(inherited)",
					"@executable_path/Frameworks",
				);
				PRODUCT_BUNDLE_IDENTIFIER = com.chenji.CJMoya;
				PRODUCT_NAME = "$(TARGET_NAME)";
				SWIFT_VERSION = 4.2;
				TARGETED_DEVICE_FAMILY = "1,2";
			};
			name = Debug;
		};
		F49D5EFA216DE68300012B20 /* Release */ = {
			isa = XCBuildConfiguration;
			baseConfigurationReference = 45AF7C4D95FF7085032164AF /* Pods-CJMoya.release.xcconfig */;
			buildSettings = {
				ASSETCATALOG_COMPILER_APPICON_NAME = AppIcon;
				CODE_SIGN_STYLE = Automatic;
				INFOPLIST_FILE = CJMoya/Info.plist;
				LD_RUNPATH_SEARCH_PATHS = (
					"$(inherited)",
					"@executable_path/Frameworks",
				);
				PRODUCT_BUNDLE_IDENTIFIER = com.chenji.CJMoya;
				PRODUCT_NAME = "$(TARGET_NAME)";
				SWIFT_VERSION = 4.2;
				TARGETED_DEVICE_FAMILY = "1,2";
			};
			name = Release;
		};
/* End XCBuildConfiguration section */

/* Begin XCConfigurationList section */
		F49D5EE1216DE68200012B20 /* Build configuration list for PBXProject "CJMoya" */ = {
			isa = XCConfigurationList;
			buildConfigurations = (
				F49D5EF6216DE68300012B20 /* Debug */,
				F49D5EF7216DE68300012B20 /* Release */,
			);
			defaultConfigurationIsVisible = 0;
			defaultConfigurationName = Release;
		};
		F49D5EF8216DE68300012B20 /* Build configuration list for PBXNativeTarget "CJMoya" */ = {
			isa = XCConfigurationList;
			buildConfigurations = (
				F49D5EF9216DE68300012B20 /* Debug */,
				F49D5EFA216DE68300012B20 /* Release */,
			);
			defaultConfigurationIsVisible = 0;
			defaultConfigurationName = Release;
		};
/* End XCConfigurationList section */
	};
	rootObject = F49D5EDE216DE68200012B20 /* Project object */;
}
