// !$*UTF8*$!
{
	archiveVersion = 1;
	classes = {
	};
	objectVersion = 50;
	objects = {

/* Begin PBXBuildFile section */
		F447A576216EE00000EC2AE7 /* AppDelegate.swift in Sources */ = {isa = PBXBuildFile; fileRef = F447A575216EE00000EC2AE7 /* AppDelegate.swift */; };
		F447A578216EE00000EC2AE7 /* ViewController.swift in Sources */ = {isa = PBXBuildFile; fileRef = F447A577216EE00000EC2AE7 /* ViewController.swift */; };
		F447A57B216EE00000EC2AE7 /* Main.storyboard in Resources */ = {isa = PBXBuildFile; fileRef = F447A579216EE00000EC2AE7 /* Main.storyboard */; };
		F447A57D216EE00200EC2AE7 /* Assets.xcassets in Resources */ = {isa = PBXBuildFile; fileRef = F447A57C216EE00200EC2AE7 /* Assets.xcassets */; };
		F447A580216EE00200EC2AE7 /* LaunchScreen.storyboard in Resources */ = {isa = PBXBuildFile; fileRef = F447A57E216EE00200EC2AE7 /* LaunchScreen.storyboard */; };
		F447A589216EE87E00EC2AE7 /* HitView.swift in Sources */ = {isa = PBXBuildFile; fileRef = F447A588216EE87E00EC2AE7 /* HitView.swift */; };
/* End PBXBuildFile section */

/* Begin PBXFileReference section */
		F447A572216EE00000EC2AE7 /* CJHitTest.app */ = {isa = PBXFileReference; explicitFileType = wrapper.application; includeInIndex = 0; path = CJHitTest.app; sourceTree = BUILT_PRODUCTS_DIR; };
		F447A575216EE00000EC2AE7 /* AppDelegate.swift */ = {isa = PBXFileReference; lastKnownFileType = sourcecode.swift; path = AppDelegate.swift; sourceTree = "<group>"; };
		F447A577216EE00000EC2AE7 /* ViewController.swift */ = {isa = PBXFileReference; lastKnownFileType = sourcecode.swift; path = ViewController.swift; sourceTree = "<group>"; };
		F447A57A216EE00000EC2AE7 /* Base */ = {isa = PBXFileReference; lastKnownFileType = file.storyboard; name = Base; path = Base.lproj/Main.storyboard; sourceTree = "<group>"; };
		F447A57C216EE00200EC2AE7 /* Assets.xcassets */ = {isa = PBXFileReference; lastKnownFileType = folder.assetcatalog; path = Assets.xcassets; sourceTree = "<group>"; };
		F447A57F216EE00200EC2AE7 /* Base */ = {isa = PBXFileReference; lastKnownFileType = file.storyboard; name = Base; path = Base.lproj/LaunchScreen.storyboard; sourceTree = "<group>"; };
		F447A581216EE00200EC2AE7 /* Info.plist */ = {isa = PBXFileReference; lastKnownFileType = text.plist.xml; path = Info.plist; sourceTree = "<group>"; };
		F447A588216EE87E00EC2AE7 /* HitView.swift */ = {isa = PBXFileReference; lastKnownFileType = sourcecode.swift; path = HitView.swift; sourceTree = "<group>"; };
/* End PBXFileReference section */

/* Begin PBXFrameworksBuildPhase section */
		F447A56F216EE00000EC2AE7 /* Frameworks */ = {
			isa = PBXFrameworksBuildPhase;
			buildActionMask = 2147483647;
			files = (
			);
			runOnlyForDeploymentPostprocessing = 0;
		};
/* End PBXFrameworksBuildPhase section */

/* Begin PBXGroup section */
		F447A569216EE00000EC2AE7 = {
			isa = PBXGroup;
			children = (
				F447A574216EE00000EC2AE7 /* CJHitTest */,
				F447A573216EE00000EC2AE7 /* Products */,
			);
			sourceTree = "<group>";
		};
		F447A573216EE00000EC2AE7 /* Products */ = {
			isa = PBXGroup;
			children = (
				F447A572216EE00000EC2AE7 /* CJHitTest.app */,
			);
			name = Products;
			sourceTree = "<group>";
		};
		F447A574216EE00000EC2AE7 /* CJHitTest */ = {
			isa = PBXGroup;
			children = (
				F447A575216EE00000EC2AE7 /* AppDelegate.swift */,
				F447A577216EE00000EC2AE7 /* ViewController.swift */,
				F447A588216EE87E00EC2AE7 /* HitView.swift */,
				F447A579216EE00000EC2AE7 /* Main.storyboard */,
				F447A57C216EE00200EC2AE7 /* Assets.xcassets */,
				F447A57E216EE00200EC2AE7 /* LaunchScreen.storyboard */,
				F447A581216EE00200EC2AE7 /* Info.plist */,
			);
			path = CJHitTest;
			sourceTree = "<group>";
		};
/* End PBXGroup section */

/* Begin PBXNativeTarget section */
		F447A571216EE00000EC2AE7 /* CJHitTest */ = {
			isa = PBXNativeTarget;
			buildConfigurationList = F447A584216EE00200EC2AE7 /* Build configuration list for PBXNativeTarget "CJHitTest" */;
			buildPhases = (
				F447A56E216EE00000EC2AE7 /* Sources */,
				F447A56F216EE00000EC2AE7 /* Frameworks */,
				F447A570216EE00000EC2AE7 /* Resources */,
			);
			buildRules = (
			);
			dependencies = (
			);
			name = CJHitTest;
			productName = CJHitTest;
			productReference = F447A572216EE00000EC2AE7 /* CJHitTest.app */;
			productType = "com.apple.product-type.application";
		};
/* End PBXNativeTarget section */

/* Begin PBXProject section */
		F447A56A216EE00000EC2AE7 /* Project object */ = {
			isa = PBXProject;
			attributes = {
				LastSwiftUpdateCheck = 1000;
				LastUpgradeCheck = 1000;
				ORGANIZATIONNAME = "陈吉";
				TargetAttributes = {
					F447A571216EE00000EC2AE7 = {
						CreatedOnToolsVersion = 10.0;
					};
				};
			};
			buildConfigurationList = F447A56D216EE00000EC2AE7 /* Build configuration list for PBXProject "CJHitTest" */;
			compatibilityVersion = "Xcode 9.3";
			developmentRegion = en;
			hasScannedForEncodings = 0;
			knownRegions = (
				en,
				Base,
			);
			mainGroup = F447A569216EE00000EC2AE7;
			productRefGroup = F447A573216EE00000EC2AE7 /* Products */;
			projectDirPath = "";
			projectRoot = "";
			targets = (
				F447A571216EE00000EC2AE7 /* CJHitTest */,
			);
		};
/* End PBXProject section */

/* Begin PBXResourcesBuildPhase section */
		F447A570216EE00000EC2AE7 /* Resources */ = {
			isa = PBXResourcesBuildPhase;
			buildActionMask = 2147483647;
			files = (
				F447A580216EE00200EC2AE7 /* LaunchScreen.storyboard in Resources */,
				F447A57D216EE00200EC2AE7 /* Assets.xcassets in Resources */,
				F447A57B216EE00000EC2AE7 /* Main.storyboard in Resources */,
			);
			runOnlyForDeploymentPostprocessing = 0;
		};
/* End PBXResourcesBuildPhase section */

/* Begin PBXSourcesBuildPhase section */
		F447A56E216EE00000EC2AE7 /* Sources */ = {
			isa = PBXSourcesBuildPhase;
			buildActionMask = 2147483647;
			files = (
				F447A589216EE87E00EC2AE7 /* HitView.swift in Sources */,
				F447A578216EE00000EC2AE7 /* ViewController.swift in Sources */,
				F447A576216EE00000EC2AE7 /* AppDelegate.swift in Sources */,
			);
			runOnlyForDeploymentPostprocessing = 0;
		};
/* End PBXSourcesBuildPhase section */

/* Begin PBXVariantGroup section */
		F447A579216EE00000EC2AE7 /* Main.storyboard */ = {
			isa = PBXVariantGroup;
			children = (
				F447A57A216EE00000EC2AE7 /* Base */,
			);
			name = Main.storyboard;
			sourceTree = "<group>";
		};
		F447A57E216EE00200EC2AE7 /* LaunchScreen.storyboard */ = {
			isa = PBXVariantGroup;
			children = (
				F447A57F216EE00200EC2AE7 /* Base */,
			);
			name = LaunchScreen.storyboard;
			sourceTree = "<group>";
		};
/* End PBXVariantGroup section */

/* Begin XCBuildConfiguration section */
		F447A582216EE00200EC2AE7 /* Debug */ = {
			isa = XCBuildConfiguration;
			buildSettings = {
				ALWAYS_SEARCH_USER_PATHS = NO;
				CLANG_ANALYZER_NONNULL = YES;
				CLANG_ANALYZER_NUMBER_OBJECT_CONVERSION = YES_AGGRESSIVE;
				CLANG_CXX_LANGUAGE_STANDARD = "gnu++14";
				CLANG_CXX_LIBRARY = "libc++";
				CLANG_ENABLE_MODULES = YES;
				CLANG_ENABLE_OBJC_ARC = YES;
				CLANG_ENABLE_OBJC_WEAK = YES;
				CLANG_WARN_BLOCK_CAPTURE_AUTORELEASING = YES;
				CLANG_WARN_BOOL_CONVERSION = YES;
				CLANG_WARN_COMMA = YES;
				CLANG_WARN_CONSTANT_CONVERSION = YES;
				CLANG_WARN_DEPRECATED_OBJC_IMPLEMENTATIONS = YES;
				CLANG_WARN_DIRECT_OBJC_ISA_USAGE = YES_ERROR;
				CLANG_WARN_DOCUMENTATION_COMMENTS = YES;
				CLANG_WARN_EMPTY_BODY = YES;
				CLANG_WARN_ENUM_CONVERSION = YES;
				CLANG_WARN_INFINITE_RECURSION = YES;
				CLANG_WARN_INT_CONVERSION = YES;
				CLANG_WARN_NON_LITERAL_NULL_CONVERSION = YES;
				CLANG_WARN_OBJC_IMPLICIT_RETAIN_SELF = YES;
				CLANG_WARN_OBJC_LITERAL_CONVERSION = YES;
				CLANG_WARN_OBJC_ROOT_CLASS = YES_ERROR;
				CLANG_WARN_RANGE_LOOP_ANALYSIS = YES;
				CLANG_WARN_STRICT_PROTOTYPES = YES;
				CLANG_WARN_SUSPICIOUS_MOVE = YES;
				CLANG_WARN_UNGUARDED_AVAILABILITY = YES_AGGRESSIVE;
				CLANG_WARN_UNREACHABLE_CODE = YES;
				CLANG_WARN__DUPLICATE_METHOD_MATCH = YES;
				CODE_SIGN_IDENTITY = "iPhone Developer";
				COPY_PHASE_STRIP = NO;
				DEBUG_INFORMATION_FORMAT = dwarf;
				ENABLE_STRICT_OBJC_MSGSEND = YES;
				ENABLE_TESTABILITY = YES;
				GCC_C_LANGUAGE_STANDARD = gnu11;
				GCC_DYNAMIC_NO_PIC = NO;
				GCC_NO_COMMON_BLOCKS = YES;
				GCC_OPTIMIZATION_LEVEL = 0;
				GCC_PREPROCESSOR_DEFINITIONS = (
					"DEBUG=1",
					"$(inherited)",
				);
				GCC_WARN_64_TO_32_BIT_CONVERSION = YES;
				GCC_WARN_ABOUT_RETURN_TYPE = YES_ERROR;
				GCC_WARN_UNDECLARED_SELECTOR = YES;
				GCC_WARN_UNINITIALIZED_AUTOS = YES_AGGRESSIVE;
				GCC_WARN_UNUSED_FUNCTION = YES;
				GCC_WARN_UNUSED_VARIABLE = YES;
				IPHONEOS_DEPLOYMENT_TARGET = 12.0;
				MTL_ENABLE_DEBUG_INFO = INCLUDE_SOURCE;
				MTL_FAST_MATH = YES;
				ONLY_ACTIVE_ARCH = YES;
				SDKROOT = iphoneos;
				SWIFT_ACTIVE_COMPILATION_CONDITIONS = DEBUG;
				SWIFT_OPTIMIZATION_LEVEL = "-Onone";
			};
			name = Debug;
		};
		F447A583216EE00200EC2AE7 /* Release */ = {
			isa = XCBuildConfiguration;
			buildSettings = {
				ALWAYS_SEARCH_USER_PATHS = NO;
				CLANG_ANALYZER_NONNULL = YES;
				CLANG_ANALYZER_NUMBER_OBJECT_CONVERSION = YES_AGGRESSIVE;
				CLANG_CXX_LANGUAGE_STANDARD = "gnu++14";
				CLANG_CXX_LIBRARY = "libc++";
				CLANG_ENABLE_MODULES = YES;
				CLANG_ENABLE_OBJC_ARC = YES;
				CLANG_ENABLE_OBJC_WEAK = YES;
				CLANG_WARN_BLOCK_CAPTURE_AUTORELEASING = YES;
				CLANG_WARN_BOOL_CONVERSION = YES;
				CLANG_WARN_COMMA = YES;
				CLANG_WARN_CONSTANT_CONVERSION = YES;
				CLANG_WARN_DEPRECATED_OBJC_IMPLEMENTATIONS = YES;
				CLANG_WARN_DIRECT_OBJC_ISA_USAGE = YES_ERROR;
				CLANG_WARN_DOCUMENTATION_COMMENTS = YES;
				CLANG_WARN_EMPTY_BODY = YES;
				CLANG_WARN_ENUM_CONVERSION = YES;
				CLANG_WARN_INFINITE_RECURSION = YES;
				CLANG_WARN_INT_CONVERSION = YES;
				CLANG_WARN_NON_LITERAL_NULL_CONVERSION = YES;
				CLANG_WARN_OBJC_IMPLICIT_RETAIN_SELF = YES;
				CLANG_WARN_OBJC_LITERAL_CONVERSION = YES;
				CLANG_WARN_OBJC_ROOT_CLASS = YES_ERROR;
				CLANG_WARN_RANGE_LOOP_ANALYSIS = YES;
				CLANG_WARN_STRICT_PROTOTYPES = YES;
				CLANG_WARN_SUSPICIOUS_MOVE = YES;
				CLANG_WARN_UNGUARDED_AVAILABILITY = YES_AGGRESSIVE;
				CLANG_WARN_UNREACHABLE_CODE = YES;
				CLANG_WARN__DUPLICATE_METHOD_MATCH = YES;
				CODE_SIGN_IDENTITY = "iPhone Developer";
				COPY_PHASE_STRIP = NO;
				DEBUG_INFORMATION_FORMAT = "dwarf-with-dsym";
				ENABLE_NS_ASSERTIONS = NO;
				ENABLE_STRICT_OBJC_MSGSEND = YES;
				GCC_C_LANGUAGE_STANDARD = gnu11;
				GCC_NO_COMMON_BLOCKS = YES;
				GCC_WARN_64_TO_32_BIT_CONVERSION = YES;
				GCC_WARN_ABOUT_RETURN_TYPE = YES_ERROR;
				GCC_WARN_UNDECLARED_SELECTOR = YES;
				GCC_WARN_UNINITIALIZED_AUTOS = YES_AGGRESSIVE;
				GCC_WARN_UNUSED_FUNCTION = YES;
				GCC_WARN_UNUSED_VARIABLE = YES;
				IPHONEOS_DEPLOYMENT_TARGET = 12.0;
				MTL_ENABLE_DEBUG_INFO = NO;
				MTL_FAST_MATH = YES;
				SDKROOT = iphoneos;
				SWIFT_COMPILATION_MODE = wholemodule;
				SWIFT_OPTIMIZATION_LEVEL = "-O";
				VALIDATE_PRODUCT = YES;
			};
			name = Release;
		};
		F447A585216EE00200EC2AE7 /* Debug */ = {
			isa = XCBuildConfiguration;
			buildSettings = {
				ASSETCATALOG_COMPILER_APPICON_NAME = AppIcon;
				CODE_SIGN_STYLE = Automatic;
				INFOPLIST_FILE = CJHitTest/Info.plist;
				LD_RUNPATH_SEARCH_PATHS = (
					"$(inherited)",
					"@executable_path/Frameworks",
				);
				PRODUCT_BUNDLE_IDENTIFIER = com.chenji.CJHitTest;
				PRODUCT_NAME = "$(TARGET_NAME)";
				SWIFT_VERSION = 4.2;
				TARGETED_DEVICE_FAMILY = "1,2";
			};
			name = Debug;
		};
		F447A586216EE00200EC2AE7 /* Release */ = {
			isa = XCBuildConfiguration;
			buildSettings = {
				ASSETCATALOG_COMPILER_APPICON_NAME = AppIcon;
				CODE_SIGN_STYLE = Automatic;
				INFOPLIST_FILE = CJHitTest/Info.plist;
				LD_RUNPATH_SEARCH_PATHS = (
					"$(inherited)",
					"@executable_path/Frameworks",
				);
				PRODUCT_BUNDLE_IDENTIFIER = com.chenji.CJHitTest;
				PRODUCT_NAME = "$(TARGET_NAME)";
				SWIFT_VERSION = 4.2;
				TARGETED_DEVICE_FAMILY = "1,2";
			};
			name = Release;
		};
/* End XCBuildConfiguration section */

/* Begin XCConfigurationList section */
		F447A56D216EE00000EC2AE7 /* Build configuration list for PBXProject "CJHitTest" */ = {
			isa = XCConfigurationList;
			buildConfigurations = (
				F447A582216EE00200EC2AE7 /* Debug */,
				F447A583216EE00200EC2AE7 /* Release */,
			);
			defaultConfigurationIsVisible = 0;
			defaultConfigurationName = Release;
		};
		F447A584216EE00200EC2AE7 /* Build configuration list for PBXNativeTarget "CJHitTest" */ = {
			isa = XCConfigurationList;
			buildConfigurations = (
				F447A585216EE00200EC2AE7 /* Debug */,
				F447A586216EE00200EC2AE7 /* Release */,
			);
			defaultConfigurationIsVisible = 0;
			defaultConfigurationName = Release;
		};
/* End XCConfigurationList section */
	};
	rootObject = F447A56A216EE00000EC2AE7 /* Project object */;
}
